{
  "version": 4,
  "terraform_version": "1.3.2",
  "serial": 509,
  "lineage": "bbc77605-27df-dfa6-a84f-c6f01f3898b3",
  "outputs": {
    "api_gateway_id": {
      "value": "4wvp024pd4",
      "type": "string"
    },
    "fastapi": {
      "value": "https://4wvp024pd4.execute-api.eu-west-1.amazonaws.com/fastapi/",
      "type": "string"
    }
  },
  "resources": [
    {
      "mode": "data",
      "type": "archive_file",
      "name": "requirements",
      "provider": "provider[\"registry.terraform.io/hashicorp/archive\"]",
      "instances": [
        {
          "schema_version": 0,
          "attributes": {
            "excludes": null,
            "id": "e213d7e3ed3344b9b70022dec46544e7d346cb98",
            "output_base64sha256": "bX0sGCJbD7SUhKlbHNTWWejEDR0n2rvWwD37ntYPH0c=",
            "output_file_mode": null,
            "output_md5": "ffb0e27f3b6e3c35c8bd35304cd99a64",
            "output_path": "../requirements.zip",
            "output_sha": "e213d7e3ed3344b9b70022dec46544e7d346cb98",
            "output_size": 3630765,
            "source": [],
            "source_content": null,
            "source_content_filename": null,
            "source_dir": "../requirements",
            "source_file": null,
            "type": "zip"
          },
          "sensitive_attributes": []
        }
      ]
    },
    {
      "mode": "data",
      "type": "archive_file",
      "name": "zip",
      "provider": "provider[\"registry.terraform.io/hashicorp/archive\"]",
      "instances": [
        {
          "schema_version": 0,
          "attributes": {
            "excludes": null,
            "id": "b10015130c33e4108b6dc4567d32397f193a437d",
            "output_base64sha256": "mLy5a2C6M0yWv6lJp4eTtCR7K/WgSz7KiLwComnbsDc=",
            "output_file_mode": null,
            "output_md5": "a6cbd4babcf70b4a9d2b0401bfe052c9",
            "output_path": "../main.zip",
            "output_sha": "b10015130c33e4108b6dc4567d32397f193a437d",
            "output_size": 340,
            "source": [],
            "source_content": null,
            "source_content_filename": null,
            "source_dir": null,
            "source_file": "../main.py",
            "type": "zip"
          },
          "sensitive_attributes": []
        }
      ]
    },
    {
      "mode": "data",
      "type": "aws_iam_policy_document",
      "name": "fastapi_assume_role_policy",
      "provider": "provider[\"registry.terraform.io/hashicorp/aws\"]",
      "instances": [
        {
          "schema_version": 0,
          "attributes": {
            "id": "3693445097",
            "json": "{\n  \"Version\": \"2012-10-17\",\n  \"Statement\": [\n    {\n      \"Sid\": \"\",\n      \"Effect\": \"Allow\",\n      \"Action\": \"sts:AssumeRole\",\n      \"Principal\": {\n        \"Service\": \"lambda.amazonaws.com\"\n      }\n    }\n  ]\n}",
            "override_json": null,
            "override_policy_documents": null,
            "policy_id": null,
            "source_json": null,
            "source_policy_documents": null,
            "statement": [
              {
                "actions": [
                  "sts:AssumeRole"
                ],
                "condition": [],
                "effect": "Allow",
                "not_actions": [],
                "not_principals": [],
                "not_resources": [],
                "principals": [
                  {
                    "identifiers": [
                      "lambda.amazonaws.com"
                    ],
                    "type": "Service"
                  }
                ],
                "resources": [],
                "sid": ""
              }
            ],
            "version": "2012-10-17"
          },
          "sensitive_attributes": []
        }
      ]
    },
    {
      "mode": "data",
      "type": "aws_iam_policy_document",
      "name": "fastapi_logging_role_policy",
      "provider": "provider[\"registry.terraform.io/hashicorp/aws\"]",
      "instances": [
        {
          "schema_version": 0,
          "attributes": {
            "id": "4063422367",
            "json": "{\n  \"Version\": \"2012-10-17\",\n  \"Statement\": [\n    {\n      \"Sid\": \"\",\n      \"Effect\": \"Allow\",\n      \"Action\": [\n        \"logs:PutLogEvents\",\n        \"logs:CreateLogStream\",\n        \"logs:CreateLogGroup\"\n      ],\n      \"Resource\": \"arn:aws:logs:*:*:*\"\n    }\n  ]\n}",
            "override_json": null,
            "override_policy_documents": null,
            "policy_id": null,
            "source_json": null,
            "source_policy_documents": null,
            "statement": [
              {
                "actions": [
                  "logs:CreateLogGroup",
                  "logs:CreateLogStream",
                  "logs:PutLogEvents"
                ],
                "condition": [],
                "effect": "Allow",
                "not_actions": [],
                "not_principals": [],
                "not_resources": [],
                "principals": [],
                "resources": [
                  "arn:aws:logs:*:*:*"
                ],
                "sid": ""
              }
            ],
            "version": "2012-10-17"
          },
          "sensitive_attributes": []
        }
      ]
    },
    {
      "mode": "managed",
      "type": "aws_api_gateway_deployment",
      "name": "fastapi",
      "provider": "provider[\"registry.terraform.io/hashicorp/aws\"]",
      "instances": [
        {
          "schema_version": 0,
          "attributes": {
            "created_date": "2022-10-15T12:48:54Z",
            "description": "",
            "execution_arn": "arn:aws:execute-api:eu-west-1:293631092100:4wvp024pd4/",
            "id": "8zedkp",
            "invoke_url": "https://4wvp024pd4.execute-api.eu-west-1.amazonaws.com/",
            "rest_api_id": "4wvp024pd4",
            "stage_description": null,
            "stage_name": null,
            "triggers": {
              "redeployment": "fdffbe7784be0fffb97ad0c65508233c503c391f"
            },
            "variables": null
          },
          "sensitive_attributes": [],
          "private": "bnVsbA==",
          "dependencies": [
            "aws_api_gateway_integration.lambda",
            "aws_api_gateway_method.proxy",
            "aws_api_gateway_resource.proxy",
            "aws_api_gateway_rest_api.api_gateway",
            "aws_cloudwatch_log_group.fastapi_logging_group",
            "aws_iam_policy.fastapi_logging",
            "aws_iam_role.fastapi_role",
            "aws_iam_role_policy_attachment.fastapi_logs",
            "aws_lambda_function.fastapi",
            "aws_lambda_layer_version.fastapiRequirements",
            "data.archive_file.requirements",
            "data.archive_file.zip",
            "data.aws_iam_policy_document.fastapi_assume_role_policy",
            "data.aws_iam_policy_document.fastapi_logging_role_policy"
          ],
          "create_before_destroy": true
        }
      ]
    },
    {
      "mode": "managed",
      "type": "aws_api_gateway_deployment",
      "name": "fastapi_root",
      "provider": "provider[\"registry.terraform.io/hashicorp/aws\"]",
      "instances": [
        {
          "schema_version": 0,
          "attributes": {
            "created_date": "2022-10-15T12:48:56Z",
            "description": "",
            "execution_arn": "arn:aws:execute-api:eu-west-1:293631092100:4wvp024pd4/",
            "id": "qk6buj",
            "invoke_url": "https://4wvp024pd4.execute-api.eu-west-1.amazonaws.com/",
            "rest_api_id": "4wvp024pd4",
            "stage_description": null,
            "stage_name": null,
            "triggers": {
              "redeployment": "002a02a8178d8a50ad0fef7139e7a3bc930e2d05"
            },
            "variables": null
          },
          "sensitive_attributes": [],
          "private": "bnVsbA==",
          "dependencies": [
            "aws_api_gateway_integration.lambda",
            "aws_api_gateway_integration.lambda_root",
            "aws_api_gateway_method.proxy",
            "aws_api_gateway_method.root",
            "aws_api_gateway_resource.proxy",
            "aws_api_gateway_rest_api.api_gateway",
            "aws_cloudwatch_log_group.fastapi_logging_group",
            "aws_iam_policy.fastapi_logging",
            "aws_iam_role.fastapi_role",
            "aws_iam_role_policy_attachment.fastapi_logs",
            "aws_lambda_function.fastapi",
            "aws_lambda_layer_version.fastapiRequirements",
            "data.archive_file.requirements",
            "data.archive_file.zip",
            "data.aws_iam_policy_document.fastapi_assume_role_policy",
            "data.aws_iam_policy_document.fastapi_logging_role_policy"
          ],
          "create_before_destroy": true
        }
      ]
    },
    {
      "mode": "managed",
      "type": "aws_api_gateway_integration",
      "name": "lambda",
      "provider": "provider[\"registry.terraform.io/hashicorp/aws\"]",
      "instances": [
        {
          "schema_version": 0,
          "attributes": {
            "cache_key_parameters": [],
            "cache_namespace": "9ymfwr",
            "connection_id": "",
            "connection_type": "INTERNET",
            "content_handling": "",
            "credentials": "",
            "http_method": "ANY",
            "id": "agi-4wvp024pd4-9ymfwr-ANY",
            "integration_http_method": "POST",
            "passthrough_behavior": "WHEN_NO_MATCH",
            "request_parameters": {},
            "request_templates": {},
            "resource_id": "9ymfwr",
            "rest_api_id": "4wvp024pd4",
            "timeout_milliseconds": 29000,
            "tls_config": [],
            "type": "AWS_PROXY",
            "uri": "arn:aws:apigateway:eu-west-1:lambda:path/2015-03-31/functions/arn:aws:lambda:eu-west-1:293631092100:function:fastapi/invocations"
          },
          "sensitive_attributes": [],
          "private": "bnVsbA==",
          "dependencies": [
            "aws_api_gateway_method.proxy",
            "aws_api_gateway_resource.proxy",
            "aws_api_gateway_rest_api.api_gateway",
            "aws_cloudwatch_log_group.fastapi_logging_group",
            "aws_iam_policy.fastapi_logging",
            "aws_iam_role.fastapi_role",
            "aws_iam_role_policy_attachment.fastapi_logs",
            "aws_lambda_function.fastapi",
            "aws_lambda_layer_version.fastapiRequirements",
            "data.archive_file.requirements",
            "data.archive_file.zip",
            "data.aws_iam_policy_document.fastapi_assume_role_policy",
            "data.aws_iam_policy_document.fastapi_logging_role_policy"
          ],
          "create_before_destroy": true
        }
      ]
    },
    {
      "mode": "managed",
      "type": "aws_api_gateway_integration",
      "name": "lambda_root",
      "provider": "provider[\"registry.terraform.io/hashicorp/aws\"]",
      "instances": [
        {
          "schema_version": 0,
          "attributes": {
            "cache_key_parameters": [],
            "cache_namespace": "ew9pel3vsc",
            "connection_id": "",
            "connection_type": "INTERNET",
            "content_handling": "",
            "credentials": "",
            "http_method": "ANY",
            "id": "agi-4wvp024pd4-ew9pel3vsc-ANY",
            "integration_http_method": "POST",
            "passthrough_behavior": "WHEN_NO_MATCH",
            "request_parameters": {},
            "request_templates": {},
            "resource_id": "ew9pel3vsc",
            "rest_api_id": "4wvp024pd4",
            "timeout_milliseconds": 29000,
            "tls_config": [],
            "type": "AWS_PROXY",
            "uri": "arn:aws:apigateway:eu-west-1:lambda:path/2015-03-31/functions/arn:aws:lambda:eu-west-1:293631092100:function:fastapi/invocations"
          },
          "sensitive_attributes": [],
          "private": "bnVsbA==",
          "dependencies": [
            "aws_api_gateway_method.root",
            "aws_api_gateway_rest_api.api_gateway",
            "aws_cloudwatch_log_group.fastapi_logging_group",
            "aws_iam_policy.fastapi_logging",
            "aws_iam_role.fastapi_role",
            "aws_iam_role_policy_attachment.fastapi_logs",
            "aws_lambda_function.fastapi",
            "aws_lambda_layer_version.fastapiRequirements",
            "data.archive_file.requirements",
            "data.archive_file.zip",
            "data.aws_iam_policy_document.fastapi_assume_role_policy",
            "data.aws_iam_policy_document.fastapi_logging_role_policy"
          ],
          "create_before_destroy": true
        }
      ]
    },
    {
      "mode": "managed",
      "type": "aws_api_gateway_method",
      "name": "proxy",
      "provider": "provider[\"registry.terraform.io/hashicorp/aws\"]",
      "instances": [
        {
          "schema_version": 0,
          "attributes": {
            "api_key_required": false,
            "authorization": "NONE",
            "authorization_scopes": [],
            "authorizer_id": "",
            "http_method": "ANY",
            "id": "agm-4wvp024pd4-9ymfwr-ANY",
            "operation_name": "",
            "request_models": {},
            "request_parameters": {},
            "request_validator_id": "",
            "resource_id": "9ymfwr",
            "rest_api_id": "4wvp024pd4"
          },
          "sensitive_attributes": [],
          "private": "bnVsbA==",
          "dependencies": [
            "aws_api_gateway_resource.proxy",
            "aws_api_gateway_rest_api.api_gateway"
          ],
          "create_before_destroy": true
        }
      ]
    },
    {
      "mode": "managed",
      "type": "aws_api_gateway_method",
      "name": "root",
      "provider": "provider[\"registry.terraform.io/hashicorp/aws\"]",
      "instances": [
        {
          "schema_version": 0,
          "attributes": {
            "api_key_required": false,
            "authorization": "NONE",
            "authorization_scopes": [],
            "authorizer_id": "",
            "http_method": "ANY",
            "id": "agm-4wvp024pd4-ew9pel3vsc-ANY",
            "operation_name": "",
            "request_models": {},
            "request_parameters": {},
            "request_validator_id": "",
            "resource_id": "ew9pel3vsc",
            "rest_api_id": "4wvp024pd4"
          },
          "sensitive_attributes": [],
          "private": "bnVsbA==",
          "dependencies": [
            "aws_api_gateway_rest_api.api_gateway"
          ],
          "create_before_destroy": true
        }
      ]
    },
    {
      "mode": "managed",
      "type": "aws_api_gateway_resource",
      "name": "proxy",
      "provider": "provider[\"registry.terraform.io/hashicorp/aws\"]",
      "instances": [
        {
          "schema_version": 0,
          "attributes": {
            "id": "9ymfwr",
            "parent_id": "ew9pel3vsc",
            "path": "/{proxy+}",
            "path_part": "{proxy+}",
            "rest_api_id": "4wvp024pd4"
          },
          "sensitive_attributes": [],
          "private": "bnVsbA==",
          "dependencies": [
            "aws_api_gateway_rest_api.api_gateway"
          ],
          "create_before_destroy": true
        }
      ]
    },
    {
      "mode": "managed",
      "type": "aws_api_gateway_rest_api",
      "name": "api_gateway",
      "provider": "provider[\"registry.terraform.io/hashicorp/aws\"]",
      "instances": [
        {
          "schema_version": 0,
          "attributes": {
            "api_key_source": "HEADER",
            "arn": "arn:aws:apigateway:eu-west-1::/restapis/4wvp024pd4",
            "binary_media_types": [],
            "body": null,
            "created_date": "2022-10-15T12:46:03Z",
            "description": "created with terraform",
            "disable_execute_api_endpoint": false,
            "endpoint_configuration": [
              {
                "types": [
                  "REGIONAL"
                ],
                "vpc_endpoint_ids": []
              }
            ],
            "execution_arn": "arn:aws:execute-api:eu-west-1:293631092100:4wvp024pd4",
            "id": "4wvp024pd4",
            "minimum_compression_size": -1,
            "name": "fastapi",
            "parameters": null,
            "policy": "",
            "put_rest_api_mode": null,
            "root_resource_id": "ew9pel3vsc",
            "tags": {},
            "tags_all": {}
          },
          "sensitive_attributes": [],
          "private": "bnVsbA==",
          "create_before_destroy": true
        }
      ]
    },
    {
      "mode": "managed",
      "type": "aws_api_gateway_stage",
      "name": "fastapi",
      "provider": "provider[\"registry.terraform.io/hashicorp/aws\"]",
      "instances": [
        {
          "schema_version": 0,
          "attributes": {
            "access_log_settings": [],
            "arn": "arn:aws:apigateway:eu-west-1::/restapis/4wvp024pd4/stages/fastapi",
            "cache_cluster_enabled": false,
            "cache_cluster_size": "",
            "canary_settings": [],
            "client_certificate_id": "",
            "deployment_id": "8zedkp",
            "description": "",
            "documentation_version": "",
            "execution_arn": "arn:aws:execute-api:eu-west-1:293631092100:4wvp024pd4/fastapi",
            "id": "ags-4wvp024pd4-fastapi",
            "invoke_url": "https://4wvp024pd4.execute-api.eu-west-1.amazonaws.com/fastapi",
            "rest_api_id": "4wvp024pd4",
            "stage_name": "fastapi",
            "tags": {},
            "tags_all": {},
            "variables": {},
            "web_acl_arn": "",
            "xray_tracing_enabled": false
          },
          "sensitive_attributes": [],
          "private": "bnVsbA==",
          "dependencies": [
            "aws_api_gateway_deployment.fastapi",
            "aws_api_gateway_integration.lambda",
            "aws_api_gateway_method.proxy",
            "aws_api_gateway_resource.proxy",
            "aws_api_gateway_rest_api.api_gateway",
            "aws_cloudwatch_log_group.fastapi_logging_group",
            "aws_iam_policy.fastapi_logging",
            "aws_iam_role.fastapi_role",
            "aws_iam_role_policy_attachment.fastapi_logs",
            "aws_lambda_function.fastapi",
            "aws_lambda_layer_version.fastapiRequirements",
            "data.archive_file.requirements",
            "data.archive_file.zip",
            "data.aws_iam_policy_document.fastapi_assume_role_policy",
            "data.aws_iam_policy_document.fastapi_logging_role_policy"
          ]
        }
      ]
    },
    {
      "mode": "managed",
      "type": "aws_cloudwatch_log_group",
      "name": "fastapi_logging_group",
      "provider": "provider[\"registry.terraform.io/hashicorp/aws\"]",
      "instances": [
        {
          "schema_version": 0,
          "attributes": {
            "arn": "arn:aws:logs:eu-west-1:293631092100:log-group:/aws/lambda/fastapi",
            "id": "/aws/lambda/fastapi",
            "kms_key_id": "",
            "name": "/aws/lambda/fastapi",
            "name_prefix": null,
            "retention_in_days": 14,
            "tags": {},
            "tags_all": {}
          },
          "sensitive_attributes": [],
          "private": "bnVsbA==",
          "create_before_destroy": true
        }
      ]
    },
    {
      "mode": "managed",
      "type": "aws_iam_policy",
      "name": "fastapi_logging",
      "provider": "provider[\"registry.terraform.io/hashicorp/aws\"]",
      "instances": [
        {
          "schema_version": 0,
          "attributes": {
            "arn": "arn:aws:iam::293631092100:policy/fastapi_logging",
            "description": "IAM policy for logging from a lambda",
            "id": "arn:aws:iam::293631092100:policy/fastapi_logging",
            "name": "fastapi_logging",
            "name_prefix": null,
            "path": "/",
            "policy": "{\"Statement\":[{\"Action\":[\"logs:PutLogEvents\",\"logs:CreateLogStream\",\"logs:CreateLogGroup\"],\"Effect\":\"Allow\",\"Resource\":\"arn:aws:logs:*:*:*\",\"Sid\":\"\"}],\"Version\":\"2012-10-17\"}",
            "policy_id": "ANPAUIXOG4WCNFEPZIOTG",
            "tags": {},
            "tags_all": {}
          },
          "sensitive_attributes": [],
          "private": "bnVsbA==",
          "dependencies": [
            "data.aws_iam_policy_document.fastapi_logging_role_policy"
          ],
          "create_before_destroy": true
        }
      ]
    },
    {
      "mode": "managed",
      "type": "aws_iam_role",
      "name": "fastapi_role",
      "provider": "provider[\"registry.terraform.io/hashicorp/aws\"]",
      "instances": [
        {
          "schema_version": 0,
          "attributes": {
            "arn": "arn:aws:iam::293631092100:role/fastapi-lambda-role",
            "assume_role_policy": "{\"Statement\":[{\"Action\":\"sts:AssumeRole\",\"Effect\":\"Allow\",\"Principal\":{\"Service\":\"lambda.amazonaws.com\"},\"Sid\":\"\"}],\"Version\":\"2012-10-17\"}",
            "create_date": "2022-10-15T12:46:02Z",
            "description": "",
            "force_detach_policies": false,
            "id": "fastapi-lambda-role",
            "inline_policy": [],
            "managed_policy_arns": [
              "arn:aws:iam::293631092100:policy/fastapi_logging"
            ],
            "max_session_duration": 3600,
            "name": "fastapi-lambda-role",
            "name_prefix": "",
            "path": "/",
            "permissions_boundary": null,
            "tags": {},
            "tags_all": {},
            "unique_id": "AROAUIXOG4WCBLS7Q7GZ2"
          },
          "sensitive_attributes": [],
          "private": "bnVsbA==",
          "dependencies": [
            "data.aws_iam_policy_document.fastapi_assume_role_policy"
          ],
          "create_before_destroy": true
        }
      ]
    },
    {
      "mode": "managed",
      "type": "aws_iam_role_policy_attachment",
      "name": "fastapi_logs",
      "provider": "provider[\"registry.terraform.io/hashicorp/aws\"]",
      "instances": [
        {
          "schema_version": 0,
          "attributes": {
            "id": "fastapi-lambda-role-20221015124606673000000001",
            "policy_arn": "arn:aws:iam::293631092100:policy/fastapi_logging",
            "role": "fastapi-lambda-role"
          },
          "sensitive_attributes": [],
          "private": "bnVsbA==",
          "dependencies": [
            "aws_iam_policy.fastapi_logging",
            "aws_iam_role.fastapi_role",
            "data.aws_iam_policy_document.fastapi_assume_role_policy",
            "data.aws_iam_policy_document.fastapi_logging_role_policy"
          ],
          "create_before_destroy": true
        }
      ]
    },
    {
      "mode": "managed",
      "type": "aws_lambda_function",
      "name": "fastapi",
      "provider": "provider[\"registry.terraform.io/hashicorp/aws\"]",
      "instances": [
        {
          "schema_version": 0,
          "attributes": {
            "architectures": [
              "x86_64"
            ],
            "arn": "arn:aws:lambda:eu-west-1:293631092100:function:fastapi",
            "code_signing_config_arn": "",
            "dead_letter_config": [],
            "description": "",
            "environment": [],
            "ephemeral_storage": [
              {
                "size": 512
              }
            ],
            "file_system_config": [],
            "filename": "../main.zip",
            "function_name": "fastapi",
            "handler": "main.handler",
            "id": "fastapi",
            "image_config": [],
            "image_uri": "",
            "invoke_arn": "arn:aws:apigateway:eu-west-1:lambda:path/2015-03-31/functions/arn:aws:lambda:eu-west-1:293631092100:function:fastapi/invocations",
            "kms_key_arn": "",
            "last_modified": "2022-10-15T13:19:16.000+0000",
            "layers": [
              "arn:aws:lambda:eu-west-1:293631092100:layer:fastapiRequirements:6"
            ],
            "memory_size": 128,
            "package_type": "Zip",
            "publish": false,
            "qualified_arn": "arn:aws:lambda:eu-west-1:293631092100:function:fastapi:$LATEST",
            "qualified_invoke_arn": "arn:aws:apigateway:eu-west-1:lambda:path/2015-03-31/functions/arn:aws:lambda:eu-west-1:293631092100:function:fastapi:$LATEST/invocations",
            "reserved_concurrent_executions": -1,
            "role": "arn:aws:iam::293631092100:role/fastapi-lambda-role",
            "runtime": "python3.9",
            "s3_bucket": null,
            "s3_key": null,
            "s3_object_version": null,
            "signing_job_arn": "",
            "signing_profile_version_arn": "",
            "source_code_hash": "mLy5a2C6M0yWv6lJp4eTtCR7K/WgSz7KiLwComnbsDc=",
            "source_code_size": 340,
            "tags": {},
            "tags_all": {},
            "timeout": 3,
            "timeouts": null,
            "tracing_config": [
              {
                "mode": "PassThrough"
              }
            ],
            "version": "$LATEST",
            "vpc_config": []
          },
          "sensitive_attributes": [],
          "private": "eyJlMmJmYjczMC1lY2FhLTExZTYtOGY4OC0zNDM2M2JjN2M0YzAiOnsiY3JlYXRlIjo2MDAwMDAwMDAwMDB9fQ==",
          "dependencies": [
            "aws_cloudwatch_log_group.fastapi_logging_group",
            "aws_iam_policy.fastapi_logging",
            "aws_iam_role.fastapi_role",
            "aws_iam_role_policy_attachment.fastapi_logs",
            "aws_lambda_layer_version.fastapiRequirements",
            "data.archive_file.requirements",
            "data.archive_file.zip",
            "data.aws_iam_policy_document.fastapi_assume_role_policy",
            "data.aws_iam_policy_document.fastapi_logging_role_policy"
          ],
          "create_before_destroy": true
        }
      ]
    },
    {
      "mode": "managed",
      "type": "aws_lambda_layer_version",
      "name": "fastapiRequirements",
      "provider": "provider[\"registry.terraform.io/hashicorp/aws\"]",
      "instances": [
        {
          "schema_version": 0,
          "attributes": {
            "arn": "arn:aws:lambda:eu-west-1:293631092100:layer:fastapiRequirements:6",
            "compatible_architectures": [],
            "compatible_runtimes": [
              "python3.9"
            ],
            "created_date": "2022-10-15T12:48:43.806+0000",
            "description": "",
            "filename": "../requirements.zip",
            "id": "arn:aws:lambda:eu-west-1:293631092100:layer:fastapiRequirements:6",
            "layer_arn": "arn:aws:lambda:eu-west-1:293631092100:layer:fastapiRequirements",
            "layer_name": "fastapiRequirements",
            "license_info": "",
            "s3_bucket": null,
            "s3_key": null,
            "s3_object_version": null,
            "signing_job_arn": "",
            "signing_profile_version_arn": "",
            "skip_destroy": false,
            "source_code_hash": "bX0sGCJbD7SUhKlbHNTWWejEDR0n2rvWwD37ntYPH0c=",
            "source_code_size": 3630765,
            "version": "6"
          },
          "sensitive_attributes": [],
          "private": "bnVsbA==",
          "dependencies": [
            "data.archive_file.requirements"
          ],
          "create_before_destroy": true
        }
      ]
    },
    {
      "mode": "managed",
      "type": "aws_lambda_permission",
      "name": "lambda_permission",
      "provider": "provider[\"registry.terraform.io/hashicorp/aws\"]",
      "instances": [
        {
          "schema_version": 0,
          "attributes": {
            "action": "lambda:InvokeFunction",
            "event_source_token": null,
            "function_name": "fastapi",
            "function_url_auth_type": null,
            "id": "AllowAPIGatewayInvoke",
            "principal": "apigateway.amazonaws.com",
            "principal_org_id": null,
            "qualifier": "",
            "source_account": null,
            "source_arn": "arn:aws:execute-api:eu-west-1:293631092100:4wvp024pd4/*/*",
            "statement_id": "AllowAPIGatewayInvoke",
            "statement_id_prefix": ""
          },
          "sensitive_attributes": [],
          "private": "bnVsbA==",
          "dependencies": [
            "aws_api_gateway_rest_api.api_gateway",
            "aws_cloudwatch_log_group.fastapi_logging_group",
            "aws_iam_policy.fastapi_logging",
            "aws_iam_role.fastapi_role",
            "aws_iam_role_policy_attachment.fastapi_logs",
            "aws_lambda_function.fastapi",
            "aws_lambda_layer_version.fastapiRequirements",
            "data.archive_file.requirements",
            "data.archive_file.zip",
            "data.aws_iam_policy_document.fastapi_assume_role_policy",
            "data.aws_iam_policy_document.fastapi_logging_role_policy"
          ]
        }
      ]
    },
    {
      "mode": "managed",
      "type": "null_resource",
      "name": "install_dependencies",
      "provider": "provider[\"registry.terraform.io/hashicorp/null\"]",
      "instances": [
        {
          "schema_version": 0,
          "attributes": {
            "id": "6730779647965630880",
            "triggers": {
              "dependencies_versions": "0b6d67f17d6d8df7b8951d05efcdcf40"
            }
          },
          "sensitive_attributes": [],
          "private": "bnVsbA==",
          "create_before_destroy": true
        }
      ]
    }
  ],
  "check_results": []
}
